{
  "nodes": {
    "blind-guess-senior-nix-packages": {
      "inputs": {
        "nixpkgs": [
          "nixpkgs"
        ]
      },
      "locked": {
        "lastModified": 1790857666,
        "narHash": "sha256-hcjhSRwK7Y6NT58YkaTBIYEvvKanhci19CtaEFibqDs=",
        "owner": "Blind-Guess-Senior",
        "repo": "nix-packages",
        "rev": "122638bb636c8061f7c52df4468a27e34e929b65",
        "type": "github"
      },
      "original": {
        "owner": "Blind-Guess-Senior",
        "repo": "nix-packages",
        "type": "github"
      }
    },
    "deepseek-harness": {
      "inputs": {
        "flake-parts": "flake-parts",
        "nixpkgs": "nixpkgs",
        "systems": "systems"
      },
      "locked": {
        "lastModified": 1790850391,
        "narHash": "sha256-K5WOyh468yKT1BUoTIyC4Be1E5GlrDyyDMnFCLnUXp4=",
        "owner": "moraxyc",
        "repo": "deepseek-harness.nix",
        "rev": "6bc6213c71b03a7f12e7b748f8f22850f4a621ad",
        "type": "github"
      },
      "original": {
        "owner": "moraxyc",
        "repo": "deepseek-harness.nix",
        "type": "github"
      }
    },
    "flake-compat": {
      "flake": false,
      "locked": {
        "lastModified": 1767039857,
        "narHash": "sha256-vNpUSpF5Nuw8xvDLj2KCwwksIbjua2LZCqhV1LNRDns=",
        "owner": "NixOS",
        "repo": "flake-compat",
        "rev": "5edf11c44bc78a0d334f6334cdaf7d60d732daab",
        "type": "github"
      },
      "original": {
        "owner": "NixOS",
        "repo": "flake-compat",
        "type": "github"
      }
    },
    "flake-parts": {
      "inputs": {
        "nixpkgs-lib": [
          "deepseek-harness",
          "nixpkgs"
        ]
      },
      "locked": {
        "lastModified": 1788450739,
        "narHash": "sha256-glZLQlzIn1fXH6PazR2iUmTo7kzzyYSshrWhLS9TqCU=",
        "owner": "hercules-ci",
        "repo": "flake-parts",
        "rev": "31729ca8cbdb4fa927b34e5f4353e6a83f39e993",
        "type": "github"
      },
      "original": {
        "owner": "hercules-ci",
        "repo": "flake-parts",
        "type": "github"
      }
    },
    "home-manager": {
      "inputs": {
        "nixpkgs": [
          "nixpkgs"
        ]
      },
      "locked": {
        "lastModified": 1790819692,
        "narHash": "sha256-rvubAPbh3QCliic3sAK+CXTrPCGgJstY52OTs/5H1J4=",
        "owner": "nix-community",
        "repo": "home-manager",
        "rev": "c8ecc29e5175452bee4a2aa1ba2383856d795338",
        "type": "github"
      },
      "original": {
        "owner": "nix-community",
        "repo": "home-manager",
        "type": "github"
      }
    },
    "nix-jetbrains-plugins": {
      "inputs": {
        "flake-compat": "flake-compat",
        "nixpkgs": "nixpkgs_2",
        "systems": "systems_2"
      },
      "locked": {
        "lastModified": 1790577267,
        "narHash": "sha256-M7A6+ICGYIriY8tG5q0DUF+c1X8ezfYv44SZdHGf82A=",
        "owner": "nix-community",
        "repo": "nix-jetbrains-plugins",
        "rev": "581ad3727ccaba17efd3cd0463db7bfa3098c2f1",
        "type": "github"
      },
      "original": {
        "owner": "nix-community",
        "repo": "nix-jetbrains-plugins",
        "type": "github"
      }
    },
    "nix-vscode-extensions": {
      "inputs": {
        "nixpkgs": "nixpkgs_3"
      },
      "locked": {
        "lastModified": 1790831594,
        "narHash": "sha256-X+uowytIH8SVW1m3GVZKJrZ0A+rAJb8gkMSToExik0s=",
        "owner": "nix-community",
        "repo": "nix-vscode-extensions",
        "rev": "9cfe29321e0ba1d2b5d53a76332669ae72c421f6",
        "type": "github"
      },
      "original": {
        "owner": "nix-community",
        "repo": "nix-vscode-extensions",
        "type": "github"
      }
    },
    "nixpkgs": {
      "locked": {
        "lastModified": 1790600678,
        "narHash": "sha256-6k3n7X2UsZ6tAlWTz99RimiZab+17tMUrw9sRUcELiA=",
        "owner": "NixOS",
        "repo": "nixpkgs",
        "rev": "f45c6f04c2f013f004bf94e284e95d72898d9393",
        "type": "github"
      },
      "original": {
        "owner": "NixOS",
        "ref": "nixpkgs-unstable",
        "repo": "nixpkgs",
        "type": "github"
      }
    },
    "nixpkgs_2": {
      "locked": {
        "lastModified": 1790463110,
        "narHash": "sha256-hKlVl12B1dF0Q5vd9dY3lIJM5mFGWYSlXwSLAqHZ1+s=",
        "owner": "NixOS",
        "repo": "nixpkgs",
        "rev": "e158d9ed9b51c98974c5e66e1ba1c9e0255fecaa",
        "type": "github"
      },
      "original": {
        "owner": "NixOS",
        "ref": "nixos-unstable",
        "repo": "nixpkgs",
        "type": "github"
      }
    },
    "nixpkgs_3": {
      "locked": {
        "lastModified": 1784564315,
        "narHash": "sha256-7OpsHHIZFUBLbeHNQ0oC40DZRQjsmGWodXge+OqgPgk=",
        "owner": "nixos",
        "repo": "nixpkgs",
        "rev": "0c2094806c9e542f31785ef3569ab9e900e3ce9c",
        "type": "github"
      },
      "original": {
        "owner": "nixos",
        "repo": "nixpkgs",
        "rev": "0c2094806c9e542f31785ef3569ab9e900e3ce9c",
        "type": "github"
      }
    },
    "nixpkgs_4": {
      "locked": {
        "lastModified": 1790689126,
        "narHash": "sha256-ilerN1WLSvF+HMjziC/Wv99J5y02maDH+6hZPwsORKg=",
        "owner": "NixOS",
        "repo": "nixpkgs",
        "rev": "b4fd65b198c599cbe814fcb9f42d25d021595ec9",
        "type": "github"
      },
      "original": {
        "owner": "NixOS",
        "ref": "nixos-unstable",
        "repo": "nixpkgs",
        "type": "github"
      }
    },
    "root": {
      "inputs": {
        "blind-guess-senior-nix-packages": "blind-guess-senior-nix-packages",
        "deepseek-harness": "deepseek-harness",
        "home-manager": "home-manager",
        "nix-jetbrains-plugins": "nix-jetbrains-plugins",
        "nix-vscode-extensions": "nix-vscode-extensions",
        "nixpkgs": "nixpkgs_4",
        "sops-nix": "sops-nix"
      }
    },
    "sops-nix": {
      "inputs": {
        "nixpkgs": [
          "nixpkgs"
        ]
      },
      "locked": {
        "lastModified": 1790498116,
        "narHash": "sha256-rs9meAYxW3zzrh43yaW7htrqCD+X9+pupDPHN86fumI=",
        "owner": "Mic92",
        "repo": "sops-nix",
        "rev": "5efb5a6f4f5ab192817d28557dd4d650fa14d866",
        "type": "github"
      },
      "original": {
        "owner": "Mic92",
        "repo": "sops-nix",
        "type": "github"
      }
    },
    "systems": {
      "locked": {
        "lastModified": 1776166891,
        "narHash": "sha256-bI8yrEGjrohR5hkQox7UrxDH7XqrYMwI8SL/LrJ1+S8=",
        "owner": "nix-systems",
        "repo": "triplet",
        "rev": "6de7bc09397911ce03636afbcf6118745ab2cda0",
        "type": "github"
      },
      "original": {
        "owner": "nix-systems",
        "repo": "triplet",
        "type": "github"
      }
    },
    "systems_2": {
      "locked": {
        "lastModified": 1681028828,
        "narHash": "sha256-Vy1rq5AaRuLzOxct8nz4T6wlgyUR7zLU309k9mBC768=",
        "owner": "nix-systems",
        "repo": "default",
        "rev": "da67096a3b9bf56a91d16901293e51ba5b49a27e",
        "type": "github"
      },
      "original": {
        "owner": "nix-systems",
        "repo": "default",
        "type": "github"
      }
    }
  },
  "root": "root",
  "version": 7
}
